
Microsoft Visual Studio Solution File, Format Version 12.00
# Visual Studio Version 17
VisualStudioVersion = 17.3.32901.215
MinimumVisualStudioVersion = 10.0.40219.1
Project("{FAE04EC0-301F-11D3-BF4B-00C04F79EFBC}") = "WpfApp1", "WpfApp1\WpfApp1.csproj", "{CF87F153-B40F-49FD-97AD-397CC74C6906}"
EndProject
Global
	GlobalSection(SolutionConfigurationPlatforms) = preSolution
		Debug|Any CPU = Debug|Any CPU
		Release|Any CPU = Release|Any CPU
	EndGlobalSection
	GlobalSection(ProjectConfigurationPlatforms) = postSolution
		{CF87F153-B40F-49FD-97AD-397CC74C6906}.Debug|Any CPU.ActiveCfg = Debug|Any CPU
		{CF87F153-B40F-49FD-97AD-397CC74C6906}.Debug|Any CPU.Build.0 = Debug|Any CPU
		{CF87F153-B40F-49FD-97AD-397CC74C6906}.Release|Any CPU.ActiveCfg = Release|Any CPU
		{CF87F153-B40F-49FD-97AD-397CC74C6906}.Release|Any CPU.Build.0 = Release|Any CPU
	EndGlobalSection
	GlobalSection(SolutionProperties) = preSolution
		HideSolutionNode = FALSE
	EndGlobalSection
	GlobalSection(ExtensibilityGlobals) = postSolution
		SolutionGuid = {93ED6999-F485-4672-90B6-9FDB3FBD457B}
	EndGlobalSection
EndGlobal
